
Microsoft Visual Studio Solution File, Format Version 12.00
# Visual Studio Version 17
VisualStudioVersion = 17.3.32929.385
MinimumVisualStudioVersion = 10.0.40219.1
Project("{9A19103F-16F7-4668-BE54-9A1E7A4F7556}") = "TakeoutExtractor.Lib", "TakeoutExtractor.Lib\TakeoutExtractor.Lib.csproj", "{587E53E3-463E-4FEA-B5DD-A68F06BB4BD9}"
EndProject
Project("{9A19103F-16F7-4668-BE54-9A1E7A4F7556}") = "TakeoutExtractor.Cli", "TakeoutExtractor.Cli\TakeoutExtractor.Cli.csproj", "{A3147897-E124-4892-851A-A4283799CACF}"
EndProject
Project("{9A19103F-16F7-4668-BE54-9A1E7A4F7556}") = "TakeoutExtractor.Cli.Tests", "TakeoutExtractor.Cli.Tests\TakeoutExtractor.Cli.Tests.csproj", "{DB87FA1A-0FD2-4BCC-A09A-53D003EE9DBB}"
EndProject
Project("{9A19103F-16F7-4668-BE54-9A1E7A4F7556}") = "TakeoutExtractor.Lib.Tests", "TakeoutExtractor.Lib.Tests\TakeoutExtractor.Lib.Tests.csproj", "{B01B1898-044B-4BFE-9C4A-D866DB7F81CE}"
EndProject
Project("{2150E333-8FDC-42A3-9474-1A3956D46DE8}") = "Solution Items", "Solution Items", "{04141A77-833C-4803-A7AD-63D73EE018B6}"
	ProjectSection(SolutionItems) = preProject
		CHANGELOG.md = CHANGELOG.md
		LICENSE.md = LICENSE.md
		README.md = README.md
	EndProjectSection
EndProject
Project("{9A19103F-16F7-4668-BE54-9A1E7A4F7556}") = "TakeoutExtractor.Gui", "TakeoutExtractor.Gui\TakeoutExtractor.Gui.csproj", "{DCE8C1FF-6419-456B-AA39-1403D16D3F14}"
EndProject
Global
	GlobalSection(SolutionConfigurationPlatforms) = preSolution
		Debug|Any CPU = Debug|Any CPU
		Release|Any CPU = Release|Any CPU
	EndGlobalSection
	GlobalSection(ProjectConfigurationPlatforms) = postSolution
		{587E53E3-463E-4FEA-B5DD-A68F06BB4BD9}.Debug|Any CPU.ActiveCfg = Debug|Any CPU
		{587E53E3-463E-4FEA-B5DD-A68F06BB4BD9}.Debug|Any CPU.Build.0 = Debug|Any CPU
		{587E53E3-463E-4FEA-B5DD-A68F06BB4BD9}.Release|Any CPU.ActiveCfg = Release|Any CPU
		{587E53E3-463E-4FEA-B5DD-A68F06BB4BD9}.Release|Any CPU.Build.0 = Release|Any CPU
		{A3147897-E124-4892-851A-A4283799CACF}.Debug|Any CPU.ActiveCfg = Debug|Any CPU
		{A3147897-E124-4892-851A-A4283799CACF}.Debug|Any CPU.Build.0 = Debug|Any CPU
		{A3147897-E124-4892-851A-A4283799CACF}.Release|Any CPU.ActiveCfg = Release|Any CPU
		{A3147897-E124-4892-851A-A4283799CACF}.Release|Any CPU.Build.0 = Release|Any CPU
		{DB87FA1A-0FD2-4BCC-A09A-53D003EE9DBB}.Debug|Any CPU.ActiveCfg = Debug|Any CPU
		{DB87FA1A-0FD2-4BCC-A09A-53D003EE9DBB}.Debug|Any CPU.Build.0 = Debug|Any CPU
		{DB87FA1A-0FD2-4BCC-A09A-53D003EE9DBB}.Release|Any CPU.ActiveCfg = Release|Any CPU
		{DB87FA1A-0FD2-4BCC-A09A-53D003EE9DBB}.Release|Any CPU.Build.0 = Release|Any CPU
		{B01B1898-044B-4BFE-9C4A-D866DB7F81CE}.Debug|Any CPU.ActiveCfg = Debug|Any CPU
		{B01B1898-044B-4BFE-9C4A-D866DB7F81CE}.Debug|Any CPU.Build.0 = Debug|Any CPU
		{B01B1898-044B-4BFE-9C4A-D866DB7F81CE}.Release|Any CPU.ActiveCfg = Release|Any CPU
		{B01B1898-044B-4BFE-9C4A-D866DB7F81CE}.Release|Any CPU.Build.0 = Release|Any CPU
		{DCE8C1FF-6419-456B-AA39-1403D16D3F14}.Debug|Any CPU.ActiveCfg = Debug|Any CPU
		{DCE8C1FF-6419-456B-AA39-1403D16D3F14}.Debug|Any CPU.Build.0 = Debug|Any CPU
		{DCE8C1FF-6419-456B-AA39-1403D16D3F14}.Debug|Any CPU.Deploy.0 = Debug|Any CPU
		{DCE8C1FF-6419-456B-AA39-1403D16D3F14}.Release|Any CPU.ActiveCfg = Release|Any CPU
		{DCE8C1FF-6419-456B-AA39-1403D16D3F14}.Release|Any CPU.Build.0 = Release|Any CPU
		{DCE8C1FF-6419-456B-AA39-1403D16D3F14}.Release|Any CPU.Deploy.0 = Release|Any CPU
	EndGlobalSection
	GlobalSection(SolutionProperties) = preSolution
		HideSolutionNode = FALSE
	EndGlobalSection
	GlobalSection(ExtensibilityGlobals) = postSolution
		SolutionGuid = {6043B063-746C-4340-839C-19F34AF42F47}
	EndGlobalSection
EndGlobal
